
Microsoft Visual Studio Solution File, Format Version 12.00
# Visual Studio Version 17
VisualStudioVersion = 17.12.35707.178 d17.12
MinimumVisualStudioVersion = 10.0.40219.1
Project("{FAE04EC0-301F-11D3-BF4B-00C04F79EFBC}") = "Excercíe12_02_01", "ConsoleApp1\Excercíe12_02_01.csproj", "{08CACC04-F4D2-447D-A452-955710281D6E}"
EndProject
Project("{FAE04EC0-301F-11D3-BF4B-00C04F79EFBC}") = "Excercise12_02_02", "Excercise12_02_02\Excercise12_02_02.csproj", "{08449EAE-1B0F-4C60-8EBC-B74BBF7549DB}"
EndProject
Global
	GlobalSection(SolutionConfigurationPlatforms) = preSolution
		Debug|Any CPU = Debug|Any CPU
		Release|Any CPU = Release|Any CPU
	EndGlobalSection
	GlobalSection(ProjectConfigurationPlatforms) = postSolution
		{08CACC04-F4D2-447D-A452-955710281D6E}.Debug|Any CPU.ActiveCfg = Debug|Any CPU
		{08CACC04-F4D2-447D-A452-955710281D6E}.Debug|Any CPU.Build.0 = Debug|Any CPU
		{08CACC04-F4D2-447D-A452-955710281D6E}.Release|Any CPU.ActiveCfg = Release|Any CPU
		{08CACC04-F4D2-447D-A452-955710281D6E}.Release|Any CPU.Build.0 = Release|Any CPU
		{08449EAE-1B0F-4C60-8EBC-B74BBF7549DB}.Debug|Any CPU.ActiveCfg = Debug|Any CPU
		{08449EAE-1B0F-4C60-8EBC-B74BBF7549DB}.Debug|Any CPU.Build.0 = Debug|Any CPU
		{08449EAE-1B0F-4C60-8EBC-B74BBF7549DB}.Release|Any CPU.ActiveCfg = Release|Any CPU
		{08449EAE-1B0F-4C60-8EBC-B74BBF7549DB}.Release|Any CPU.Build.0 = Release|Any CPU
	EndGlobalSection
	GlobalSection(SolutionProperties) = preSolution
		HideSolutionNode = FALSE
	EndGlobalSection
EndGlobal
